
Microsoft Visual Studio Solution File, Format Version 12.00
# Visual Studio Version 17
VisualStudioVersion = 17.4.33110.190
MinimumVisualStudioVersion = 10.0.40219.1
Project("{FAE04EC0-301F-11D3-BF4B-00C04F79EFBC}") = "Clases - Herencia e Interfaces", "Clases - Herencia e Interfaces\Clases - Herencia e Interfaces.csproj", "{FC4EB46E-5120-4981-8ED3-3A1863D3EBB2}"
EndProject
Global
	GlobalSection(SolutionConfigurationPlatforms) = preSolution
		Debug|Any CPU = Debug|Any CPU
		Release|Any CPU = Release|Any CPU
	EndGlobalSection
	GlobalSection(ProjectConfigurationPlatforms) = postSolution
		{FC4EB46E-5120-4981-8ED3-3A1863D3EBB2}.Debug|Any CPU.ActiveCfg = Debug|Any CPU
		{FC4EB46E-5120-4981-8ED3-3A1863D3EBB2}.Debug|Any CPU.Build.0 = Debug|Any CPU
		{FC4EB46E-5120-4981-8ED3-3A1863D3EBB2}.Release|Any CPU.ActiveCfg = Release|Any CPU
		{FC4EB46E-5120-4981-8ED3-3A1863D3EBB2}.Release|Any CPU.Build.0 = Release|Any CPU
	EndGlobalSection
	GlobalSection(SolutionProperties) = preSolution
		HideSolutionNode = FALSE
	EndGlobalSection
	GlobalSection(ExtensibilityGlobals) = postSolution
		SolutionGuid = {09B956D3-1348-44BA-B51B-33542425B4FD}
	EndGlobalSection
EndGlobal
