
Microsoft Visual Studio Solution File, Format Version 12.00
# Visual Studio Version 17
VisualStudioVersion = 17.4.33110.190
MinimumVisualStudioVersion = 10.0.40219.1
Project("{FAE04EC0-301F-11D3-BF4B-00C04F79EFBC}") = "Comandos de Repeticion", "Comandos de Repeticion\Comandos de Repeticion.csproj", "{4A091898-84ED-4D8F-82B2-14D794E4EE11}"
EndProject
Global
	GlobalSection(SolutionConfigurationPlatforms) = preSolution
		Debug|Any CPU = Debug|Any CPU
		Release|Any CPU = Release|Any CPU
	EndGlobalSection
	GlobalSection(ProjectConfigurationPlatforms) = postSolution
		{4A091898-84ED-4D8F-82B2-14D794E4EE11}.Debug|Any CPU.ActiveCfg = Debug|Any CPU
		{4A091898-84ED-4D8F-82B2-14D794E4EE11}.Debug|Any CPU.Build.0 = Debug|Any CPU
		{4A091898-84ED-4D8F-82B2-14D794E4EE11}.Release|Any CPU.ActiveCfg = Release|Any CPU
		{4A091898-84ED-4D8F-82B2-14D794E4EE11}.Release|Any CPU.Build.0 = Release|Any CPU
	EndGlobalSection
	GlobalSection(SolutionProperties) = preSolution
		HideSolutionNode = FALSE
	EndGlobalSection
	GlobalSection(ExtensibilityGlobals) = postSolution
		SolutionGuid = {B5E016D9-18B9-4C8F-8F67-8978CCF8B67F}
	EndGlobalSection
EndGlobal
