
Microsoft Visual Studio Solution File, Format Version 12.00
# Visual Studio Version 17
VisualStudioVersion = 17.4.33110.190
MinimumVisualStudioVersion = 10.0.40219.1
Project("{FAE04EC0-301F-11D3-BF4B-00C04F79EFBC}") = "Clases y propiedades", "Clases y propiedades\Clases y propiedades.csproj", "{6FF2EFAC-F898-4776-91AA-E122407B78F3}"
EndProject
Global
	GlobalSection(SolutionConfigurationPlatforms) = preSolution
		Debug|Any CPU = Debug|Any CPU
		Release|Any CPU = Release|Any CPU
	EndGlobalSection
	GlobalSection(ProjectConfigurationPlatforms) = postSolution
		{6FF2EFAC-F898-4776-91AA-E122407B78F3}.Debug|Any CPU.ActiveCfg = Debug|Any CPU
		{6FF2EFAC-F898-4776-91AA-E122407B78F3}.Debug|Any CPU.Build.0 = Debug|Any CPU
		{6FF2EFAC-F898-4776-91AA-E122407B78F3}.Release|Any CPU.ActiveCfg = Release|Any CPU
		{6FF2EFAC-F898-4776-91AA-E122407B78F3}.Release|Any CPU.Build.0 = Release|Any CPU
	EndGlobalSection
	GlobalSection(SolutionProperties) = preSolution
		HideSolutionNode = FALSE
	EndGlobalSection
	GlobalSection(ExtensibilityGlobals) = postSolution
		SolutionGuid = {AC62DDB2-8648-4C47-8133-8D998C95AE0B}
	EndGlobalSection
EndGlobal
